Microsoft Visual Studio Solution File, Format Version 12.00
# Visual Studio 14
Project("{8BC9CEB8-8B4A-11D0-8D11-00A0C91BC942}") = "ALL_BUILD", "ALL_BUILD.vcxproj", "{8989EB83-9EF1-3A82-85EB-49E15B53ECEA}"
	ProjectSection(ProjectDependencies) = postProject
		{B0B1FA7C-6C6A-3D05-9E17-A0CAF2018D07} = {B0B1FA7C-6C6A-3D05-9E17-A0CAF2018D07}
		{3DA76C3B-8288-339B-9170-8791C460E619} = {3DA76C3B-8288-339B-9170-8791C460E619}
		{BC535EC3-3AD9-32AF-9F32-83FEB5D22C2D} = {BC535EC3-3AD9-32AF-9F32-83FEB5D22C2D}
		{65938C67-B73A-3CBD-BA30-95D01917CD15} = {65938C67-B73A-3CBD-BA30-95D01917CD15}
		{B3B578E0-B2E5-316A-A4C8-0FE6A321AB81} = {B3B578E0-B2E5-316A-A4C8-0FE6A321AB81}
	EndProjectSection
EndProject
Project("{8BC9CEB8-8B4A-11D0-8D11-00A0C91BC942}") = "Aquila", "Aquila.vcxproj", "{B0B1FA7C-6C6A-3D05-9E17-A0CAF2018D07}"
	ProjectSection(ProjectDependencies) = postProject
		{3DA76C3B-8288-339B-9170-8791C460E619} = {3DA76C3B-8288-339B-9170-8791C460E619}
		{B3B578E0-B2E5-316A-A4C8-0FE6A321AB81} = {B3B578E0-B2E5-316A-A4C8-0FE6A321AB81}
	EndProjectSection
EndProject
Project("{8BC9CEB8-8B4A-11D0-8D11-00A0C91BC942}") = "INSTALL", "INSTALL.vcxproj", "{097F34B0-E4CE-3733-AED7-FCB5362F753C}"
	ProjectSection(ProjectDependencies) = postProject
		{8989EB83-9EF1-3A82-85EB-49E15B53ECEA} = {8989EB83-9EF1-3A82-85EB-49E15B53ECEA}
		{B3B578E0-B2E5-316A-A4C8-0FE6A321AB81} = {B3B578E0-B2E5-316A-A4C8-0FE6A321AB81}
	EndProjectSection
EndProject
Project("{8BC9CEB8-8B4A-11D0-8D11-00A0C91BC942}") = "Ooura_fft", "lib\Ooura_fft.vcxproj", "{3DA76C3B-8288-339B-9170-8791C460E619}"
	ProjectSection(ProjectDependencies) = postProject
		{B3B578E0-B2E5-316A-A4C8-0FE6A321AB81} = {B3B578E0-B2E5-316A-A4C8-0FE6A321AB81}
	EndProjectSection
EndProject
Project("{8BC9CEB8-8B4A-11D0-8D11-00A0C91BC942}") = "RUN_TESTS", "RUN_TESTS.vcxproj", "{1BE43DC6-FB9E-386A-93B5-00EA7EB4279E}"
	ProjectSection(ProjectDependencies) = postProject
		{B3B578E0-B2E5-316A-A4C8-0FE6A321AB81} = {B3B578E0-B2E5-316A-A4C8-0FE6A321AB81}
	EndProjectSection
EndProject
Project("{8BC9CEB8-8B4A-11D0-8D11-00A0C91BC942}") = "TestUnitTest++", "lib\unittestpp\TestUnitTest++.vcxproj", "{BC535EC3-3AD9-32AF-9F32-83FEB5D22C2D}"
	ProjectSection(ProjectDependencies) = postProject
		{65938C67-B73A-3CBD-BA30-95D01917CD15} = {65938C67-B73A-3CBD-BA30-95D01917CD15}
		{B3B578E0-B2E5-316A-A4C8-0FE6A321AB81} = {B3B578E0-B2E5-316A-A4C8-0FE6A321AB81}
	EndProjectSection
EndProject
Project("{8BC9CEB8-8B4A-11D0-8D11-00A0C91BC942}") = "UnitTest++", "lib\unittestpp\UnitTest++.vcxproj", "{65938C67-B73A-3CBD-BA30-95D01917CD15}"
	ProjectSection(ProjectDependencies) = postProject
		{B3B578E0-B2E5-316A-A4C8-0FE6A321AB81} = {B3B578E0-B2E5-316A-A4C8-0FE6A321AB81}
	EndProjectSection
EndProject
Project("{8BC9CEB8-8B4A-11D0-8D11-00A0C91BC942}") = "ZERO_CHECK", "ZERO_CHECK.vcxproj", "{B3B578E0-B2E5-316A-A4C8-0FE6A321AB81}"
	ProjectSection(ProjectDependencies) = postProject
	EndProjectSection
EndProject
Project("{8BC9CEB8-8B4A-11D0-8D11-00A0C91BC942}") = "am_modulation", "examples\am_modulation\am_modulation.vcxproj", "{5DA88193-6CF7-3D31-8524-4405C998D880}"
	ProjectSection(ProjectDependencies) = postProject
		{B0B1FA7C-6C6A-3D05-9E17-A0CAF2018D07} = {B0B1FA7C-6C6A-3D05-9E17-A0CAF2018D07}
		{3DA76C3B-8288-339B-9170-8791C460E619} = {3DA76C3B-8288-339B-9170-8791C460E619}
		{B3B578E0-B2E5-316A-A4C8-0FE6A321AB81} = {B3B578E0-B2E5-316A-A4C8-0FE6A321AB81}
	EndProjectSection
EndProject
Project("{8BC9CEB8-8B4A-11D0-8D11-00A0C91BC942}") = "aquila_test", "tests\aquila_test.vcxproj", "{282041C8-CD6C-32B2-9782-ADF499708CEC}"
	ProjectSection(ProjectDependencies) = postProject
		{B0B1FA7C-6C6A-3D05-9E17-A0CAF2018D07} = {B0B1FA7C-6C6A-3D05-9E17-A0CAF2018D07}
		{3DA76C3B-8288-339B-9170-8791C460E619} = {3DA76C3B-8288-339B-9170-8791C460E619}
		{65938C67-B73A-3CBD-BA30-95D01917CD15} = {65938C67-B73A-3CBD-BA30-95D01917CD15}
		{B3B578E0-B2E5-316A-A4C8-0FE6A321AB81} = {B3B578E0-B2E5-316A-A4C8-0FE6A321AB81}
	EndProjectSection
EndProject
Project("{8BC9CEB8-8B4A-11D0-8D11-00A0C91BC942}") = "check", "lib\unittestpp\check.vcxproj", "{C2BD4DF5-F676-3162-B2FE-AC9875BCB86C}"
	ProjectSection(ProjectDependencies) = postProject
		{BC535EC3-3AD9-32AF-9F32-83FEB5D22C2D} = {BC535EC3-3AD9-32AF-9F32-83FEB5D22C2D}
		{B3B578E0-B2E5-316A-A4C8-0FE6A321AB81} = {B3B578E0-B2E5-316A-A4C8-0FE6A321AB81}
	EndProjectSection
EndProject
Project("{8BC9CEB8-8B4A-11D0-8D11-00A0C91BC942}") = "docs", "docs.vcxproj", "{E3774B2F-A3BF-39AB-988A-583DFBAB5C69}"
	ProjectSection(ProjectDependencies) = postProject
		{B3B578E0-B2E5-316A-A4C8-0FE6A321AB81} = {B3B578E0-B2E5-316A-A4C8-0FE6A321AB81}
	EndProjectSection
EndProject
Project("{8BC9CEB8-8B4A-11D0-8D11-00A0C91BC942}") = "dtw_path_recovery", "examples\dtw_path_recovery\dtw_path_recovery.vcxproj", "{6DE467E0-BE07-3E5E-9A66-9E554ADDE839}"
	ProjectSection(ProjectDependencies) = postProject
		{B0B1FA7C-6C6A-3D05-9E17-A0CAF2018D07} = {B0B1FA7C-6C6A-3D05-9E17-A0CAF2018D07}
		{3DA76C3B-8288-339B-9170-8791C460E619} = {3DA76C3B-8288-339B-9170-8791C460E619}
		{B3B578E0-B2E5-316A-A4C8-0FE6A321AB81} = {B3B578E0-B2E5-316A-A4C8-0FE6A321AB81}
	EndProjectSection
EndProject
Project("{8BC9CEB8-8B4A-11D0-8D11-00A0C91BC942}") = "examples", "examples.vcxproj", "{24A4416B-37A0-3705-9101-4565EBE9C3CB}"
	ProjectSection(ProjectDependencies) = postProject
		{B3B578E0-B2E5-316A-A4C8-0FE6A321AB81} = {B3B578E0-B2E5-316A-A4C8-0FE6A321AB81}
		{5DA88193-6CF7-3D31-8524-4405C998D880} = {5DA88193-6CF7-3D31-8524-4405C998D880}
		{6DE467E0-BE07-3E5E-9A66-9E554ADDE839} = {6DE467E0-BE07-3E5E-9A66-9E554ADDE839}
		{C90E021B-913D-3552-BD24-FF4B810CF805} = {C90E021B-913D-3552-BD24-FF4B810CF805}
		{45CD461B-1993-3669-8F8A-788138C32BEC} = {45CD461B-1993-3669-8F8A-788138C32BEC}
		{0F707A0D-07FB-3E84-B428-ED2D9FF6B779} = {0F707A0D-07FB-3E84-B428-ED2D9FF6B779}
		{3624791E-18C6-3443-92B1-B031502C1A49} = {3624791E-18C6-3443-92B1-B031502C1A49}
		{BD93EB99-5029-3FFA-89CE-F59DE764F347} = {BD93EB99-5029-3FFA-89CE-F59DE764F347}
		{2FD37062-474D-3E7E-971E-DAFDB7C8BA4C} = {2FD37062-474D-3E7E-971E-DAFDB7C8BA4C}
		{37B4D0F9-E12D-3294-8BCD-4839C43C90A2} = {37B4D0F9-E12D-3294-8BCD-4839C43C90A2}
		{00DEA130-34FB-3C2B-B6FE-AAD7B3677139} = {00DEA130-34FB-3C2B-B6FE-AAD7B3677139}
		{F0525C6F-D707-34C6-8902-38E660FA9222} = {F0525C6F-D707-34C6-8902-38E660FA9222}
		{7F636F0C-053D-30D2-8DC6-08368E687ABF} = {7F636F0C-053D-30D2-8DC6-08368E687ABF}
		{D21E9BA5-1FC8-3E62-A442-98D430AAE537} = {D21E9BA5-1FC8-3E62-A442-98D430AAE537}
		{3BEAB85D-11F7-3DC5-924B-C08F35ED8FA0} = {3BEAB85D-11F7-3DC5-924B-C08F35ED8FA0}
		{961BDBC0-75DF-34B0-B065-92FEFB98095B} = {961BDBC0-75DF-34B0-B065-92FEFB98095B}
		{5C29C7FC-0C9B-39F5-B390-2427E84B3510} = {5C29C7FC-0C9B-39F5-B390-2427E84B3510}
		{7A572BED-169B-35FB-95FB-4B408D03D5A3} = {7A572BED-169B-35FB-95FB-4B408D03D5A3}
		{1F44D75B-7B97-3A53-8B84-231416DC03E6} = {1F44D75B-7B97-3A53-8B84-231416DC03E6}
	EndProjectSection
EndProject
Project("{8BC9CEB8-8B4A-11D0-8D11-00A0C91BC942}") = "fft_comparison", "examples\fft_comparison\fft_comparison.vcxproj", "{C90E021B-913D-3552-BD24-FF4B810CF805}"
	ProjectSection(ProjectDependencies) = postProject
		{B0B1FA7C-6C6A-3D05-9E17-A0CAF2018D07} = {B0B1FA7C-6C6A-3D05-9E17-A0CAF2018D07}
		{3DA76C3B-8288-339B-9170-8791C460E619} = {3DA76C3B-8288-339B-9170-8791C460E619}
		{B3B578E0-B2E5-316A-A4C8-0FE6A321AB81} = {B3B578E0-B2E5-316A-A4C8-0FE6A321AB81}
	EndProjectSection
EndProject
Project("{8BC9CEB8-8B4A-11D0-8D11-00A0C91BC942}") = "fft_filter", "examples\fft_filter\fft_filter.vcxproj", "{45CD461B-1993-3669-8F8A-788138C32BEC}"
	ProjectSection(ProjectDependencies) = postProject
		{B0B1FA7C-6C6A-3D05-9E17-A0CAF2018D07} = {B0B1FA7C-6C6A-3D05-9E17-A0CAF2018D07}
		{3DA76C3B-8288-339B-9170-8791C460E619} = {3DA76C3B-8288-339B-9170-8791C460E619}
		{B3B578E0-B2E5-316A-A4C8-0FE6A321AB81} = {B3B578E0-B2E5-316A-A4C8-0FE6A321AB81}
	EndProjectSection
EndProject
Project("{8BC9CEB8-8B4A-11D0-8D11-00A0C91BC942}") = "fft_simple_spectrum", "examples\fft_simple_spectrum\fft_simple_spectrum.vcxproj", "{0F707A0D-07FB-3E84-B428-ED2D9FF6B779}"
	ProjectSection(ProjectDependencies) = postProject
		{B0B1FA7C-6C6A-3D05-9E17-A0CAF2018D07} = {B0B1FA7C-6C6A-3D05-9E17-A0CAF2018D07}
		{3DA76C3B-8288-339B-9170-8791C460E619} = {3DA76C3B-8288-339B-9170-8791C460E619}
		{B3B578E0-B2E5-316A-A4C8-0FE6A321AB81} = {B3B578E0-B2E5-316A-A4C8-0FE6A321AB81}
	EndProjectSection
EndProject
Project("{8BC9CEB8-8B4A-11D0-8D11-00A0C91BC942}") = "frame_iteration", "examples\frame_iteration\frame_iteration.vcxproj", "{3624791E-18C6-3443-92B1-B031502C1A49}"
	ProjectSection(ProjectDependencies) = postProject
		{B0B1FA7C-6C6A-3D05-9E17-A0CAF2018D07} = {B0B1FA7C-6C6A-3D05-9E17-A0CAF2018D07}
		{3DA76C3B-8288-339B-9170-8791C460E619} = {3DA76C3B-8288-339B-9170-8791C460E619}
		{B3B578E0-B2E5-316A-A4C8-0FE6A321AB81} = {B3B578E0-B2E5-316A-A4C8-0FE6A321AB81}
	EndProjectSection
EndProject
Project("{8BC9CEB8-8B4A-11D0-8D11-00A0C91BC942}") = "generators", "examples\generators\generators.vcxproj", "{BD93EB99-5029-3FFA-89CE-F59DE764F347}"
	ProjectSection(ProjectDependencies) = postProject
		{B0B1FA7C-6C6A-3D05-9E17-A0CAF2018D07} = {B0B1FA7C-6C6A-3D05-9E17-A0CAF2018D07}
		{3DA76C3B-8288-339B-9170-8791C460E619} = {3DA76C3B-8288-339B-9170-8791C460E619}
		{B3B578E0-B2E5-316A-A4C8-0FE6A321AB81} = {B3B578E0-B2E5-316A-A4C8-0FE6A321AB81}
	EndProjectSection
EndProject
Project("{8BC9CEB8-8B4A-11D0-8D11-00A0C91BC942}") = "mfcc_calculation", "examples\mfcc_calculation\mfcc_calculation.vcxproj", "{2FD37062-474D-3E7E-971E-DAFDB7C8BA4C}"
	ProjectSection(ProjectDependencies) = postProject
		{B0B1FA7C-6C6A-3D05-9E17-A0CAF2018D07} = {B0B1FA7C-6C6A-3D05-9E17-A0CAF2018D07}
		{3DA76C3B-8288-339B-9170-8791C460E619} = {3DA76C3B-8288-339B-9170-8791C460E619}
		{B3B578E0-B2E5-316A-A4C8-0FE6A321AB81} = {B3B578E0-B2E5-316A-A4C8-0FE6A321AB81}
	EndProjectSection
EndProject
Project("{8BC9CEB8-8B4A-11D0-8D11-00A0C91BC942}") = "sine_generator", "examples\sine_generator\sine_generator.vcxproj", "{37B4D0F9-E12D-3294-8BCD-4839C43C90A2}"
	ProjectSection(ProjectDependencies) = postProject
		{B0B1FA7C-6C6A-3D05-9E17-A0CAF2018D07} = {B0B1FA7C-6C6A-3D05-9E17-A0CAF2018D07}
		{3DA76C3B-8288-339B-9170-8791C460E619} = {3DA76C3B-8288-339B-9170-8791C460E619}
		{B3B578E0-B2E5-316A-A4C8-0FE6A321AB81} = {B3B578E0-B2E5-316A-A4C8-0FE6A321AB81}
	EndProjectSection
EndProject
Project("{8BC9CEB8-8B4A-11D0-8D11-00A0C91BC942}") = "spectrogram", "examples\spectrogram\spectrogram.vcxproj", "{00DEA130-34FB-3C2B-B6FE-AAD7B3677139}"
	ProjectSection(ProjectDependencies) = postProject
		{B0B1FA7C-6C6A-3D05-9E17-A0CAF2018D07} = {B0B1FA7C-6C6A-3D05-9E17-A0CAF2018D07}
		{3DA76C3B-8288-339B-9170-8791C460E619} = {3DA76C3B-8288-339B-9170-8791C460E619}
		{B3B578E0-B2E5-316A-A4C8-0FE6A321AB81} = {B3B578E0-B2E5-316A-A4C8-0FE6A321AB81}
	EndProjectSection
EndProject
Project("{8BC9CEB8-8B4A-11D0-8D11-00A0C91BC942}") = "square_generator", "examples\square_generator\square_generator.vcxproj", "{F0525C6F-D707-34C6-8902-38E660FA9222}"
	ProjectSection(ProjectDependencies) = postProject
		{B0B1FA7C-6C6A-3D05-9E17-A0CAF2018D07} = {B0B1FA7C-6C6A-3D05-9E17-A0CAF2018D07}
		{3DA76C3B-8288-339B-9170-8791C460E619} = {3DA76C3B-8288-339B-9170-8791C460E619}
		{B3B578E0-B2E5-316A-A4C8-0FE6A321AB81} = {B3B578E0-B2E5-316A-A4C8-0FE6A321AB81}
	EndProjectSection
EndProject
Project("{8BC9CEB8-8B4A-11D0-8D11-00A0C91BC942}") = "text_plot", "examples\text_plot\text_plot.vcxproj", "{7F636F0C-053D-30D2-8DC6-08368E687ABF}"
	ProjectSection(ProjectDependencies) = postProject
		{B0B1FA7C-6C6A-3D05-9E17-A0CAF2018D07} = {B0B1FA7C-6C6A-3D05-9E17-A0CAF2018D07}
		{3DA76C3B-8288-339B-9170-8791C460E619} = {3DA76C3B-8288-339B-9170-8791C460E619}
		{B3B578E0-B2E5-316A-A4C8-0FE6A321AB81} = {B3B578E0-B2E5-316A-A4C8-0FE6A321AB81}
	EndProjectSection
EndProject
Project("{8BC9CEB8-8B4A-11D0-8D11-00A0C91BC942}") = "triangle_generator", "examples\triangle_generator\triangle_generator.vcxproj", "{D21E9BA5-1FC8-3E62-A442-98D430AAE537}"
	ProjectSection(ProjectDependencies) = postProject
		{B0B1FA7C-6C6A-3D05-9E17-A0CAF2018D07} = {B0B1FA7C-6C6A-3D05-9E17-A0CAF2018D07}
		{3DA76C3B-8288-339B-9170-8791C460E619} = {3DA76C3B-8288-339B-9170-8791C460E619}
		{B3B578E0-B2E5-316A-A4C8-0FE6A321AB81} = {B3B578E0-B2E5-316A-A4C8-0FE6A321AB81}
	EndProjectSection
EndProject
Project("{8BC9CEB8-8B4A-11D0-8D11-00A0C91BC942}") = "uninstall", "uninstall.vcxproj", "{B00E2D8B-1A3D-3F9E-8BD3-34F6017290E2}"
	ProjectSection(ProjectDependencies) = postProject
		{B3B578E0-B2E5-316A-A4C8-0FE6A321AB81} = {B3B578E0-B2E5-316A-A4C8-0FE6A321AB81}
	EndProjectSection
EndProject
Project("{8BC9CEB8-8B4A-11D0-8D11-00A0C91BC942}") = "utility_functions", "examples\utility_functions\utility_functions.vcxproj", "{3BEAB85D-11F7-3DC5-924B-C08F35ED8FA0}"
	ProjectSection(ProjectDependencies) = postProject
		{B0B1FA7C-6C6A-3D05-9E17-A0CAF2018D07} = {B0B1FA7C-6C6A-3D05-9E17-A0CAF2018D07}
		{3DA76C3B-8288-339B-9170-8791C460E619} = {3DA76C3B-8288-339B-9170-8791C460E619}
		{B3B578E0-B2E5-316A-A4C8-0FE6A321AB81} = {B3B578E0-B2E5-316A-A4C8-0FE6A321AB81}
	EndProjectSection
EndProject
Project("{8BC9CEB8-8B4A-11D0-8D11-00A0C91BC942}") = "wave_info", "examples\wave_info\wave_info.vcxproj", "{961BDBC0-75DF-34B0-B065-92FEFB98095B}"
	ProjectSection(ProjectDependencies) = postProject
		{B0B1FA7C-6C6A-3D05-9E17-A0CAF2018D07} = {B0B1FA7C-6C6A-3D05-9E17-A0CAF2018D07}
		{3DA76C3B-8288-339B-9170-8791C460E619} = {3DA76C3B-8288-339B-9170-8791C460E619}
		{B3B578E0-B2E5-316A-A4C8-0FE6A321AB81} = {B3B578E0-B2E5-316A-A4C8-0FE6A321AB81}
	EndProjectSection
EndProject
Project("{8BC9CEB8-8B4A-11D0-8D11-00A0C91BC942}") = "wave_iteration", "examples\wave_iteration\wave_iteration.vcxproj", "{5C29C7FC-0C9B-39F5-B390-2427E84B3510}"
	ProjectSection(ProjectDependencies) = postProject
		{B0B1FA7C-6C6A-3D05-9E17-A0CAF2018D07} = {B0B1FA7C-6C6A-3D05-9E17-A0CAF2018D07}
		{3DA76C3B-8288-339B-9170-8791C460E619} = {3DA76C3B-8288-339B-9170-8791C460E619}
		{B3B578E0-B2E5-316A-A4C8-0FE6A321AB81} = {B3B578E0-B2E5-316A-A4C8-0FE6A321AB81}
	EndProjectSection
EndProject
Project("{8BC9CEB8-8B4A-11D0-8D11-00A0C91BC942}") = "window_plot", "examples\window_plot\window_plot.vcxproj", "{7A572BED-169B-35FB-95FB-4B408D03D5A3}"
	ProjectSection(ProjectDependencies) = postProject
		{B0B1FA7C-6C6A-3D05-9E17-A0CAF2018D07} = {B0B1FA7C-6C6A-3D05-9E17-A0CAF2018D07}
		{3DA76C3B-8288-339B-9170-8791C460E619} = {3DA76C3B-8288-339B-9170-8791C460E619}
		{B3B578E0-B2E5-316A-A4C8-0FE6A321AB81} = {B3B578E0-B2E5-316A-A4C8-0FE6A321AB81}
	EndProjectSection
EndProject
Project("{8BC9CEB8-8B4A-11D0-8D11-00A0C91BC942}") = "window_usage", "examples\window_usage\window_usage.vcxproj", "{1F44D75B-7B97-3A53-8B84-231416DC03E6}"
	ProjectSection(ProjectDependencies) = postProject
		{B0B1FA7C-6C6A-3D05-9E17-A0CAF2018D07} = {B0B1FA7C-6C6A-3D05-9E17-A0CAF2018D07}
		{3DA76C3B-8288-339B-9170-8791C460E619} = {3DA76C3B-8288-339B-9170-8791C460E619}
		{B3B578E0-B2E5-316A-A4C8-0FE6A321AB81} = {B3B578E0-B2E5-316A-A4C8-0FE6A321AB81}
	EndProjectSection
EndProject
Global
	GlobalSection(SolutionConfigurationPlatforms) = preSolution
		Debug|x64 = Debug|x64
		Release|x64 = Release|x64
		MinSizeRel|x64 = MinSizeRel|x64
		RelWithDebInfo|x64 = RelWithDebInfo|x64
	EndGlobalSection
	GlobalSection(ProjectConfigurationPlatforms) = postSolution
		{8989EB83-9EF1-3A82-85EB-49E15B53ECEA}.Debug|x64.ActiveCfg = Debug|x64
		{8989EB83-9EF1-3A82-85EB-49E15B53ECEA}.Debug|x64.Build.0 = Debug|x64
		{8989EB83-9EF1-3A82-85EB-49E15B53ECEA}.Release|x64.ActiveCfg = Release|x64
		{8989EB83-9EF1-3A82-85EB-49E15B53ECEA}.Release|x64.Build.0 = Release|x64
		{8989EB83-9EF1-3A82-85EB-49E15B53ECEA}.MinSizeRel|x64.ActiveCfg = MinSizeRel|x64
		{8989EB83-9EF1-3A82-85EB-49E15B53ECEA}.MinSizeRel|x64.Build.0 = MinSizeRel|x64
		{8989EB83-9EF1-3A82-85EB-49E15B53ECEA}.RelWithDebInfo|x64.ActiveCfg = RelWithDebInfo|x64
		{8989EB83-9EF1-3A82-85EB-49E15B53ECEA}.RelWithDebInfo|x64.Build.0 = RelWithDebInfo|x64
		{B0B1FA7C-6C6A-3D05-9E17-A0CAF2018D07}.Debug|x64.ActiveCfg = Debug|x64
		{B0B1FA7C-6C6A-3D05-9E17-A0CAF2018D07}.Debug|x64.Build.0 = Debug|x64
		{B0B1FA7C-6C6A-3D05-9E17-A0CAF2018D07}.Release|x64.ActiveCfg = Release|x64
		{B0B1FA7C-6C6A-3D05-9E17-A0CAF2018D07}.Release|x64.Build.0 = Release|x64
		{B0B1FA7C-6C6A-3D05-9E17-A0CAF2018D07}.MinSizeRel|x64.ActiveCfg = MinSizeRel|x64
		{B0B1FA7C-6C6A-3D05-9E17-A0CAF2018D07}.MinSizeRel|x64.Build.0 = MinSizeRel|x64
		{B0B1FA7C-6C6A-3D05-9E17-A0CAF2018D07}.RelWithDebInfo|x64.ActiveCfg = RelWithDebInfo|x64
		{B0B1FA7C-6C6A-3D05-9E17-A0CAF2018D07}.RelWithDebInfo|x64.Build.0 = RelWithDebInfo|x64
		{097F34B0-E4CE-3733-AED7-FCB5362F753C}.Debug|x64.ActiveCfg = Debug|x64
		{097F34B0-E4CE-3733-AED7-FCB5362F753C}.Release|x64.ActiveCfg = Release|x64
		{097F34B0-E4CE-3733-AED7-FCB5362F753C}.MinSizeRel|x64.ActiveCfg = MinSizeRel|x64
		{097F34B0-E4CE-3733-AED7-FCB5362F753C}.RelWithDebInfo|x64.ActiveCfg = RelWithDebInfo|x64
		{3DA76C3B-8288-339B-9170-8791C460E619}.Debug|x64.ActiveCfg = Debug|x64
		{3DA76C3B-8288-339B-9170-8791C460E619}.Debug|x64.Build.0 = Debug|x64
		{3DA76C3B-8288-339B-9170-8791C460E619}.Release|x64.ActiveCfg = Release|x64
		{3DA76C3B-8288-339B-9170-8791C460E619}.Release|x64.Build.0 = Release|x64
		{3DA76C3B-8288-339B-9170-8791C460E619}.MinSizeRel|x64.ActiveCfg = MinSizeRel|x64
		{3DA76C3B-8288-339B-9170-8791C460E619}.MinSizeRel|x64.Build.0 = MinSizeRel|x64
		{3DA76C3B-8288-339B-9170-8791C460E619}.RelWithDebInfo|x64.ActiveCfg = RelWithDebInfo|x64
		{3DA76C3B-8288-339B-9170-8791C460E619}.RelWithDebInfo|x64.Build.0 = RelWithDebInfo|x64
		{1BE43DC6-FB9E-386A-93B5-00EA7EB4279E}.Debug|x64.ActiveCfg = Debug|x64
		{1BE43DC6-FB9E-386A-93B5-00EA7EB4279E}.Release|x64.ActiveCfg = Release|x64
		{1BE43DC6-FB9E-386A-93B5-00EA7EB4279E}.MinSizeRel|x64.ActiveCfg = MinSizeRel|x64
		{1BE43DC6-FB9E-386A-93B5-00EA7EB4279E}.RelWithDebInfo|x64.ActiveCfg = RelWithDebInfo|x64
		{BC535EC3-3AD9-32AF-9F32-83FEB5D22C2D}.Debug|x64.ActiveCfg = Debug|x64
		{BC535EC3-3AD9-32AF-9F32-83FEB5D22C2D}.Debug|x64.Build.0 = Debug|x64
		{BC535EC3-3AD9-32AF-9F32-83FEB5D22C2D}.Release|x64.ActiveCfg = Release|x64
		{BC535EC3-3AD9-32AF-9F32-83FEB5D22C2D}.Release|x64.Build.0 = Release|x64
		{BC535EC3-3AD9-32AF-9F32-83FEB5D22C2D}.MinSizeRel|x64.ActiveCfg = MinSizeRel|x64
		{BC535EC3-3AD9-32AF-9F32-83FEB5D22C2D}.MinSizeRel|x64.Build.0 = MinSizeRel|x64
		{BC535EC3-3AD9-32AF-9F32-83FEB5D22C2D}.RelWithDebInfo|x64.ActiveCfg = RelWithDebInfo|x64
		{BC535EC3-3AD9-32AF-9F32-83FEB5D22C2D}.RelWithDebInfo|x64.Build.0 = RelWithDebInfo|x64
		{65938C67-B73A-3CBD-BA30-95D01917CD15}.Debug|x64.ActiveCfg = Debug|x64
		{65938C67-B73A-3CBD-BA30-95D01917CD15}.Debug|x64.Build.0 = Debug|x64
		{65938C67-B73A-3CBD-BA30-95D01917CD15}.Release|x64.ActiveCfg = Release|x64
		{65938C67-B73A-3CBD-BA30-95D01917CD15}.Release|x64.Build.0 = Release|x64
		{65938C67-B73A-3CBD-BA30-95D01917CD15}.MinSizeRel|x64.ActiveCfg = MinSizeRel|x64
		{65938C67-B73A-3CBD-BA30-95D01917CD15}.MinSizeRel|x64.Build.0 = MinSizeRel|x64
		{65938C67-B73A-3CBD-BA30-95D01917CD15}.RelWithDebInfo|x64.ActiveCfg = RelWithDebInfo|x64
		{65938C67-B73A-3CBD-BA30-95D01917CD15}.RelWithDebInfo|x64.Build.0 = RelWithDebInfo|x64
		{B3B578E0-B2E5-316A-A4C8-0FE6A321AB81}.Debug|x64.ActiveCfg = Debug|x64
		{B3B578E0-B2E5-316A-A4C8-0FE6A321AB81}.Debug|x64.Build.0 = Debug|x64
		{B3B578E0-B2E5-316A-A4C8-0FE6A321AB81}.Release|x64.ActiveCfg = Release|x64
		{B3B578E0-B2E5-316A-A4C8-0FE6A321AB81}.Release|x64.Build.0 = Release|x64
		{B3B578E0-B2E5-316A-A4C8-0FE6A321AB81}.MinSizeRel|x64.ActiveCfg = MinSizeRel|x64
		{B3B578E0-B2E5-316A-A4C8-0FE6A321AB81}.MinSizeRel|x64.Build.0 = MinSizeRel|x64
		{B3B578E0-B2E5-316A-A4C8-0FE6A321AB81}.RelWithDebInfo|x64.ActiveCfg = RelWithDebInfo|x64
		{B3B578E0-B2E5-316A-A4C8-0FE6A321AB81}.RelWithDebInfo|x64.Build.0 = RelWithDebInfo|x64
		{5DA88193-6CF7-3D31-8524-4405C998D880}.Debug|x64.ActiveCfg = Debug|x64
		{5DA88193-6CF7-3D31-8524-4405C998D880}.Debug|x64.Build.0 = Debug|x64
		{5DA88193-6CF7-3D31-8524-4405C998D880}.Release|x64.ActiveCfg = Release|x64
		{5DA88193-6CF7-3D31-8524-4405C998D880}.Release|x64.Build.0 = Release|x64
		{5DA88193-6CF7-3D31-8524-4405C998D880}.MinSizeRel|x64.ActiveCfg = MinSizeRel|x64
		{5DA88193-6CF7-3D31-8524-4405C998D880}.MinSizeRel|x64.Build.0 = MinSizeRel|x64
		{5DA88193-6CF7-3D31-8524-4405C998D880}.RelWithDebInfo|x64.ActiveCfg = RelWithDebInfo|x64
		{5DA88193-6CF7-3D31-8524-4405C998D880}.RelWithDebInfo|x64.Build.0 = RelWithDebInfo|x64
		{282041C8-CD6C-32B2-9782-ADF499708CEC}.Debug|x64.ActiveCfg = Debug|x64
		{282041C8-CD6C-32B2-9782-ADF499708CEC}.Debug|x64.Build.0 = Debug|x64
		{282041C8-CD6C-32B2-9782-ADF499708CEC}.Release|x64.ActiveCfg = Release|x64
		{282041C8-CD6C-32B2-9782-ADF499708CEC}.Release|x64.Build.0 = Release|x64
		{282041C8-CD6C-32B2-9782-ADF499708CEC}.MinSizeRel|x64.ActiveCfg = MinSizeRel|x64
		{282041C8-CD6C-32B2-9782-ADF499708CEC}.MinSizeRel|x64.Build.0 = MinSizeRel|x64
		{282041C8-CD6C-32B2-9782-ADF499708CEC}.RelWithDebInfo|x64.ActiveCfg = RelWithDebInfo|x64
		{282041C8-CD6C-32B2-9782-ADF499708CEC}.RelWithDebInfo|x64.Build.0 = RelWithDebInfo|x64
		{C2BD4DF5-F676-3162-B2FE-AC9875BCB86C}.Debug|x64.ActiveCfg = Debug|x64
		{C2BD4DF5-F676-3162-B2FE-AC9875BCB86C}.Release|x64.ActiveCfg = Release|x64
		{C2BD4DF5-F676-3162-B2FE-AC9875BCB86C}.MinSizeRel|x64.ActiveCfg = MinSizeRel|x64
		{C2BD4DF5-F676-3162-B2FE-AC9875BCB86C}.RelWithDebInfo|x64.ActiveCfg = RelWithDebInfo|x64
		{E3774B2F-A3BF-39AB-988A-583DFBAB5C69}.Debug|x64.ActiveCfg = Debug|x64
		{E3774B2F-A3BF-39AB-988A-583DFBAB5C69}.Release|x64.ActiveCfg = Release|x64
		{E3774B2F-A3BF-39AB-988A-583DFBAB5C69}.MinSizeRel|x64.ActiveCfg = MinSizeRel|x64
		{E3774B2F-A3BF-39AB-988A-583DFBAB5C69}.RelWithDebInfo|x64.ActiveCfg = RelWithDebInfo|x64
		{6DE467E0-BE07-3E5E-9A66-9E554ADDE839}.Debug|x64.ActiveCfg = Debug|x64
		{6DE467E0-BE07-3E5E-9A66-9E554ADDE839}.Debug|x64.Build.0 = Debug|x64
		{6DE467E0-BE07-3E5E-9A66-9E554ADDE839}.Release|x64.ActiveCfg = Release|x64
		{6DE467E0-BE07-3E5E-9A66-9E554ADDE839}.Release|x64.Build.0 = Release|x64
		{6DE467E0-BE07-3E5E-9A66-9E554ADDE839}.MinSizeRel|x64.ActiveCfg = MinSizeRel|x64
		{6DE467E0-BE07-3E5E-9A66-9E554ADDE839}.MinSizeRel|x64.Build.0 = MinSizeRel|x64
		{6DE467E0-BE07-3E5E-9A66-9E554ADDE839}.RelWithDebInfo|x64.ActiveCfg = RelWithDebInfo|x64
		{6DE467E0-BE07-3E5E-9A66-9E554ADDE839}.RelWithDebInfo|x64.Build.0 = RelWithDebInfo|x64
		{24A4416B-37A0-3705-9101-4565EBE9C3CB}.Debug|x64.ActiveCfg = Debug|x64
		{24A4416B-37A0-3705-9101-4565EBE9C3CB}.Release|x64.ActiveCfg = Release|x64
		{24A4416B-37A0-3705-9101-4565EBE9C3CB}.MinSizeRel|x64.ActiveCfg = MinSizeRel|x64
		{24A4416B-37A0-3705-9101-4565EBE9C3CB}.RelWithDebInfo|x64.ActiveCfg = RelWithDebInfo|x64
		{C90E021B-913D-3552-BD24-FF4B810CF805}.Debug|x64.ActiveCfg = Debug|x64
		{C90E021B-913D-3552-BD24-FF4B810CF805}.Debug|x64.Build.0 = Debug|x64
		{C90E021B-913D-3552-BD24-FF4B810CF805}.Release|x64.ActiveCfg = Release|x64
		{C90E021B-913D-3552-BD24-FF4B810CF805}.Release|x64.Build.0 = Release|x64
		{C90E021B-913D-3552-BD24-FF4B810CF805}.MinSizeRel|x64.ActiveCfg = MinSizeRel|x64
		{C90E021B-913D-3552-BD24-FF4B810CF805}.MinSizeRel|x64.Build.0 = MinSizeRel|x64
		{C90E021B-913D-3552-BD24-FF4B810CF805}.RelWithDebInfo|x64.ActiveCfg = RelWithDebInfo|x64
		{C90E021B-913D-3552-BD24-FF4B810CF805}.RelWithDebInfo|x64.Build.0 = RelWithDebInfo|x64
		{45CD461B-1993-3669-8F8A-788138C32BEC}.Debug|x64.ActiveCfg = Debug|x64
		{45CD461B-1993-3669-8F8A-788138C32BEC}.Debug|x64.Build.0 = Debug|x64
		{45CD461B-1993-3669-8F8A-788138C32BEC}.Release|x64.ActiveCfg = Release|x64
		{45CD461B-1993-3669-8F8A-788138C32BEC}.Release|x64.Build.0 = Release|x64
		{45CD461B-1993-3669-8F8A-788138C32BEC}.MinSizeRel|x64.ActiveCfg = MinSizeRel|x64
		{45CD461B-1993-3669-8F8A-788138C32BEC}.MinSizeRel|x64.Build.0 = MinSizeRel|x64
		{45CD461B-1993-3669-8F8A-788138C32BEC}.RelWithDebInfo|x64.ActiveCfg = RelWithDebInfo|x64
		{45CD461B-1993-3669-8F8A-788138C32BEC}.RelWithDebInfo|x64.Build.0 = RelWithDebInfo|x64
		{0F707A0D-07FB-3E84-B428-ED2D9FF6B779}.Debug|x64.ActiveCfg = Debug|x64
		{0F707A0D-07FB-3E84-B428-ED2D9FF6B779}.Debug|x64.Build.0 = Debug|x64
		{0F707A0D-07FB-3E84-B428-ED2D9FF6B779}.Release|x64.ActiveCfg = Release|x64
		{0F707A0D-07FB-3E84-B428-ED2D9FF6B779}.Release|x64.Build.0 = Release|x64
		{0F707A0D-07FB-3E84-B428-ED2D9FF6B779}.MinSizeRel|x64.ActiveCfg = MinSizeRel|x64
		{0F707A0D-07FB-3E84-B428-ED2D9FF6B779}.MinSizeRel|x64.Build.0 = MinSizeRel|x64
		{0F707A0D-07FB-3E84-B428-ED2D9FF6B779}.RelWithDebInfo|x64.ActiveCfg = RelWithDebInfo|x64
		{0F707A0D-07FB-3E84-B428-ED2D9FF6B779}.RelWithDebInfo|x64.Build.0 = RelWithDebInfo|x64
		{3624791E-18C6-3443-92B1-B031502C1A49}.Debug|x64.ActiveCfg = Debug|x64
		{3624791E-18C6-3443-92B1-B031502C1A49}.Debug|x64.Build.0 = Debug|x64
		{3624791E-18C6-3443-92B1-B031502C1A49}.Release|x64.ActiveCfg = Release|x64
		{3624791E-18C6-3443-92B1-B031502C1A49}.Release|x64.Build.0 = Release|x64
		{3624791E-18C6-3443-92B1-B031502C1A49}.MinSizeRel|x64.ActiveCfg = MinSizeRel|x64
		{3624791E-18C6-3443-92B1-B031502C1A49}.MinSizeRel|x64.Build.0 = MinSizeRel|x64
		{3624791E-18C6-3443-92B1-B031502C1A49}.RelWithDebInfo|x64.ActiveCfg = RelWithDebInfo|x64
		{3624791E-18C6-3443-92B1-B031502C1A49}.RelWithDebInfo|x64.Build.0 = RelWithDebInfo|x64
		{BD93EB99-5029-3FFA-89CE-F59DE764F347}.Debug|x64.ActiveCfg = Debug|x64
		{BD93EB99-5029-3FFA-89CE-F59DE764F347}.Debug|x64.Build.0 = Debug|x64
		{BD93EB99-5029-3FFA-89CE-F59DE764F347}.Release|x64.ActiveCfg = Release|x64
		{BD93EB99-5029-3FFA-89CE-F59DE764F347}.Release|x64.Build.0 = Release|x64
		{BD93EB99-5029-3FFA-89CE-F59DE764F347}.MinSizeRel|x64.ActiveCfg = MinSizeRel|x64
		{BD93EB99-5029-3FFA-89CE-F59DE764F347}.MinSizeRel|x64.Build.0 = MinSizeRel|x64
		{BD93EB99-5029-3FFA-89CE-F59DE764F347}.RelWithDebInfo|x64.ActiveCfg = RelWithDebInfo|x64
		{BD93EB99-5029-3FFA-89CE-F59DE764F347}.RelWithDebInfo|x64.Build.0 = RelWithDebInfo|x64
		{2FD37062-474D-3E7E-971E-DAFDB7C8BA4C}.Debug|x64.ActiveCfg = Debug|x64
		{2FD37062-474D-3E7E-971E-DAFDB7C8BA4C}.Debug|x64.Build.0 = Debug|x64
		{2FD37062-474D-3E7E-971E-DAFDB7C8BA4C}.Release|x64.ActiveCfg = Release|x64
		{2FD37062-474D-3E7E-971E-DAFDB7C8BA4C}.Release|x64.Build.0 = Release|x64
		{2FD37062-474D-3E7E-971E-DAFDB7C8BA4C}.MinSizeRel|x64.ActiveCfg = MinSizeRel|x64
		{2FD37062-474D-3E7E-971E-DAFDB7C8BA4C}.MinSizeRel|x64.Build.0 = MinSizeRel|x64
		{2FD37062-474D-3E7E-971E-DAFDB7C8BA4C}.RelWithDebInfo|x64.ActiveCfg = RelWithDebInfo|x64
		{2FD37062-474D-3E7E-971E-DAFDB7C8BA4C}.RelWithDebInfo|x64.Build.0 = RelWithDebInfo|x64
		{37B4D0F9-E12D-3294-8BCD-4839C43C90A2}.Debug|x64.ActiveCfg = Debug|x64
		{37B4D0F9-E12D-3294-8BCD-4839C43C90A2}.Debug|x64.Build.0 = Debug|x64
		{37B4D0F9-E12D-3294-8BCD-4839C43C90A2}.Release|x64.ActiveCfg = Release|x64
		{37B4D0F9-E12D-3294-8BCD-4839C43C90A2}.Release|x64.Build.0 = Release|x64
		{37B4D0F9-E12D-3294-8BCD-4839C43C90A2}.MinSizeRel|x64.ActiveCfg = MinSizeRel|x64
		{37B4D0F9-E12D-3294-8BCD-4839C43C90A2}.MinSizeRel|x64.Build.0 = MinSizeRel|x64
		{37B4D0F9-E12D-3294-8BCD-4839C43C90A2}.RelWithDebInfo|x64.ActiveCfg = RelWithDebInfo|x64
		{37B4D0F9-E12D-3294-8BCD-4839C43C90A2}.RelWithDebInfo|x64.Build.0 = RelWithDebInfo|x64
		{00DEA130-34FB-3C2B-B6FE-AAD7B3677139}.Debug|x64.ActiveCfg = Debug|x64
		{00DEA130-34FB-3C2B-B6FE-AAD7B3677139}.Debug|x64.Build.0 = Debug|x64
		{00DEA130-34FB-3C2B-B6FE-AAD7B3677139}.Release|x64.ActiveCfg = Release|x64
		{00DEA130-34FB-3C2B-B6FE-AAD7B3677139}.Release|x64.Build.0 = Release|x64
		{00DEA130-34FB-3C2B-B6FE-AAD7B3677139}.MinSizeRel|x64.ActiveCfg = MinSizeRel|x64
		{00DEA130-34FB-3C2B-B6FE-AAD7B3677139}.MinSizeRel|x64.Build.0 = MinSizeRel|x64
		{00DEA130-34FB-3C2B-B6FE-AAD7B3677139}.RelWithDebInfo|x64.ActiveCfg = RelWithDebInfo|x64
		{00DEA130-34FB-3C2B-B6FE-AAD7B3677139}.RelWithDebInfo|x64.Build.0 = RelWithDebInfo|x64
		{F0525C6F-D707-34C6-8902-38E660FA9222}.Debug|x64.ActiveCfg = Debug|x64
		{F0525C6F-D707-34C6-8902-38E660FA9222}.Debug|x64.Build.0 = Debug|x64
		{F0525C6F-D707-34C6-8902-38E660FA9222}.Release|x64.ActiveCfg = Release|x64
		{F0525C6F-D707-34C6-8902-38E660FA9222}.Release|x64.Build.0 = Release|x64
		{F0525C6F-D707-34C6-8902-38E660FA9222}.MinSizeRel|x64.ActiveCfg = MinSizeRel|x64
		{F0525C6F-D707-34C6-8902-38E660FA9222}.MinSizeRel|x64.Build.0 = MinSizeRel|x64
		{F0525C6F-D707-34C6-8902-38E660FA9222}.RelWithDebInfo|x64.ActiveCfg = RelWithDebInfo|x64
		{F0525C6F-D707-34C6-8902-38E660FA9222}.RelWithDebInfo|x64.Build.0 = RelWithDebInfo|x64
		{7F636F0C-053D-30D2-8DC6-08368E687ABF}.Debug|x64.ActiveCfg = Debug|x64
		{7F636F0C-053D-30D2-8DC6-08368E687ABF}.Debug|x64.Build.0 = Debug|x64
		{7F636F0C-053D-30D2-8DC6-08368E687ABF}.Release|x64.ActiveCfg = Release|x64
		{7F636F0C-053D-30D2-8DC6-08368E687ABF}.Release|x64.Build.0 = Release|x64
		{7F636F0C-053D-30D2-8DC6-08368E687ABF}.MinSizeRel|x64.ActiveCfg = MinSizeRel|x64
		{7F636F0C-053D-30D2-8DC6-08368E687ABF}.MinSizeRel|x64.Build.0 = MinSizeRel|x64
		{7F636F0C-053D-30D2-8DC6-08368E687ABF}.RelWithDebInfo|x64.ActiveCfg = RelWithDebInfo|x64
		{7F636F0C-053D-30D2-8DC6-08368E687ABF}.RelWithDebInfo|x64.Build.0 = RelWithDebInfo|x64
		{D21E9BA5-1FC8-3E62-A442-98D430AAE537}.Debug|x64.ActiveCfg = Debug|x64
		{D21E9BA5-1FC8-3E62-A442-98D430AAE537}.Debug|x64.Build.0 = Debug|x64
		{D21E9BA5-1FC8-3E62-A442-98D430AAE537}.Release|x64.ActiveCfg = Release|x64
		{D21E9BA5-1FC8-3E62-A442-98D430AAE537}.Release|x64.Build.0 = Release|x64
		{D21E9BA5-1FC8-3E62-A442-98D430AAE537}.MinSizeRel|x64.ActiveCfg = MinSizeRel|x64
		{D21E9BA5-1FC8-3E62-A442-98D430AAE537}.MinSizeRel|x64.Build.0 = MinSizeRel|x64
		{D21E9BA5-1FC8-3E62-A442-98D430AAE537}.RelWithDebInfo|x64.ActiveCfg = RelWithDebInfo|x64
		{D21E9BA5-1FC8-3E62-A442-98D430AAE537}.RelWithDebInfo|x64.Build.0 = RelWithDebInfo|x64
		{B00E2D8B-1A3D-3F9E-8BD3-34F6017290E2}.Debug|x64.ActiveCfg = Debug|x64
		{B00E2D8B-1A3D-3F9E-8BD3-34F6017290E2}.Release|x64.ActiveCfg = Release|x64
		{B00E2D8B-1A3D-3F9E-8BD3-34F6017290E2}.MinSizeRel|x64.ActiveCfg = MinSizeRel|x64
		{B00E2D8B-1A3D-3F9E-8BD3-34F6017290E2}.RelWithDebInfo|x64.ActiveCfg = RelWithDebInfo|x64
		{3BEAB85D-11F7-3DC5-924B-C08F35ED8FA0}.Debug|x64.ActiveCfg = Debug|x64
		{3BEAB85D-11F7-3DC5-924B-C08F35ED8FA0}.Debug|x64.Build.0 = Debug|x64
		{3BEAB85D-11F7-3DC5-924B-C08F35ED8FA0}.Release|x64.ActiveCfg = Release|x64
		{3BEAB85D-11F7-3DC5-924B-C08F35ED8FA0}.Release|x64.Build.0 = Release|x64
		{3BEAB85D-11F7-3DC5-924B-C08F35ED8FA0}.MinSizeRel|x64.ActiveCfg = MinSizeRel|x64
		{3BEAB85D-11F7-3DC5-924B-C08F35ED8FA0}.MinSizeRel|x64.Build.0 = MinSizeRel|x64
		{3BEAB85D-11F7-3DC5-924B-C08F35ED8FA0}.RelWithDebInfo|x64.ActiveCfg = RelWithDebInfo|x64
		{3BEAB85D-11F7-3DC5-924B-C08F35ED8FA0}.RelWithDebInfo|x64.Build.0 = RelWithDebInfo|x64
		{961BDBC0-75DF-34B0-B065-92FEFB98095B}.Debug|x64.ActiveCfg = Debug|x64
		{961BDBC0-75DF-34B0-B065-92FEFB98095B}.Debug|x64.Build.0 = Debug|x64
		{961BDBC0-75DF-34B0-B065-92FEFB98095B}.Release|x64.ActiveCfg = Release|x64
		{961BDBC0-75DF-34B0-B065-92FEFB98095B}.Release|x64.Build.0 = Release|x64
		{961BDBC0-75DF-34B0-B065-92FEFB98095B}.MinSizeRel|x64.ActiveCfg = MinSizeRel|x64
		{961BDBC0-75DF-34B0-B065-92FEFB98095B}.MinSizeRel|x64.Build.0 = MinSizeRel|x64
		{961BDBC0-75DF-34B0-B065-92FEFB98095B}.RelWithDebInfo|x64.ActiveCfg = RelWithDebInfo|x64
		{961BDBC0-75DF-34B0-B065-92FEFB98095B}.RelWithDebInfo|x64.Build.0 = RelWithDebInfo|x64
		{5C29C7FC-0C9B-39F5-B390-2427E84B3510}.Debug|x64.ActiveCfg = Debug|x64
		{5C29C7FC-0C9B-39F5-B390-2427E84B3510}.Debug|x64.Build.0 = Debug|x64
		{5C29C7FC-0C9B-39F5-B390-2427E84B3510}.Release|x64.ActiveCfg = Release|x64
		{5C29C7FC-0C9B-39F5-B390-2427E84B3510}.Release|x64.Build.0 = Release|x64
		{5C29C7FC-0C9B-39F5-B390-2427E84B3510}.MinSizeRel|x64.ActiveCfg = MinSizeRel|x64
		{5C29C7FC-0C9B-39F5-B390-2427E84B3510}.MinSizeRel|x64.Build.0 = MinSizeRel|x64
		{5C29C7FC-0C9B-39F5-B390-2427E84B3510}.RelWithDebInfo|x64.ActiveCfg = RelWithDebInfo|x64
		{5C29C7FC-0C9B-39F5-B390-2427E84B3510}.RelWithDebInfo|x64.Build.0 = RelWithDebInfo|x64
		{7A572BED-169B-35FB-95FB-4B408D03D5A3}.Debug|x64.ActiveCfg = Debug|x64
		{7A572BED-169B-35FB-95FB-4B408D03D5A3}.Debug|x64.Build.0 = Debug|x64
		{7A572BED-169B-35FB-95FB-4B408D03D5A3}.Release|x64.ActiveCfg = Release|x64
		{7A572BED-169B-35FB-95FB-4B408D03D5A3}.Release|x64.Build.0 = Release|x64
		{7A572BED-169B-35FB-95FB-4B408D03D5A3}.MinSizeRel|x64.ActiveCfg = MinSizeRel|x64
		{7A572BED-169B-35FB-95FB-4B408D03D5A3}.MinSizeRel|x64.Build.0 = MinSizeRel|x64
		{7A572BED-169B-35FB-95FB-4B408D03D5A3}.RelWithDebInfo|x64.ActiveCfg = RelWithDebInfo|x64
		{7A572BED-169B-35FB-95FB-4B408D03D5A3}.RelWithDebInfo|x64.Build.0 = RelWithDebInfo|x64
		{1F44D75B-7B97-3A53-8B84-231416DC03E6}.Debug|x64.ActiveCfg = Debug|x64
		{1F44D75B-7B97-3A53-8B84-231416DC03E6}.Debug|x64.Build.0 = Debug|x64
		{1F44D75B-7B97-3A53-8B84-231416DC03E6}.Release|x64.ActiveCfg = Release|x64
		{1F44D75B-7B97-3A53-8B84-231416DC03E6}.Release|x64.Build.0 = Release|x64
		{1F44D75B-7B97-3A53-8B84-231416DC03E6}.MinSizeRel|x64.ActiveCfg = MinSizeRel|x64
		{1F44D75B-7B97-3A53-8B84-231416DC03E6}.MinSizeRel|x64.Build.0 = MinSizeRel|x64
		{1F44D75B-7B97-3A53-8B84-231416DC03E6}.RelWithDebInfo|x64.ActiveCfg = RelWithDebInfo|x64
		{1F44D75B-7B97-3A53-8B84-231416DC03E6}.RelWithDebInfo|x64.Build.0 = RelWithDebInfo|x64
	EndGlobalSection
	GlobalSection(ExtensibilityGlobals) = postSolution
	EndGlobalSection
	GlobalSection(ExtensibilityAddIns) = postSolution
	EndGlobalSection
EndGlobal
